<?xml version="1.0" encoding="utf-8"?>
<Project ToolsVersion="4.0" xmlns="http://schemas.microsoft.com/developer/msbuild/2003">
  <ItemGroup>
    <Filter Include="Source Files">
      <UniqueIdentifier>{8d7d9854-ef39-4a55-a534-c8f8f70f8fbb}</UniqueIdentifier>
    </Filter>
    <Filter Include="Header Files">
      <UniqueIdentifier>{7372ceb7-6577-4221-aad3-48803ba72622}</UniqueIdentifier>
    </Filter>
    <Filter Include="Source Files\Porting">
      <UniqueIdentifier>{f998b792-354f-4ad3-8f25-aef652c4816a}</UniqueIdentifier>
    </Filter>
    <Filter Include="Header Files\Porting">
      <UniqueIdentifier>{c1e8e3c3-74ba-4662-9227-b6ec7dd7019d}</UniqueIdentifier>
    </Filter>
  </ItemGroup>
  <ItemGroup>
    <ClCompile Include="..\stdafx.cpp">
      <Filter>Source Files</Filter>
    </ClCompile>
    <ClCompile Include="CommLib.cpp">
      <Filter>Source Files</Filter>
    </ClCompile>
    <ClCompile Include="MFCInit.cpp">
      <Filter>Source Files</Filter>
    </ClCompile>
    <ClCompile Include="getopt.c">
      <Filter>Source Files\Porting</Filter>
    </ClCompile>
    <ClCompile Include="..\AsyncParser.cpp">
      <Filter>Source Files</Filter>
    </ClCompile>
    <ClCompile Include="..\DataParse.cpp">
      <Filter>Source Files</Filter>
    </ClCompile>
    <ClCompile Include="..\DeviceComm.cpp">
      <Filter>Source Files</Filter>
    </ClCompile>
    <ClCompile Include="..\HModem.cpp">
      <Filter>Source Files</Filter>
    </ClCompile>
    <ClCompile Include="..\ImageFifo.cpp">
      <Filter>Source Files</Filter>
    </ClCompile>
    <ClCompile Include="..\ImageFormats.cpp">
      <Filter>Source Files</Filter>
    </ClCompile>
    <ClCompile Include="..\Imagehandler.cpp">
      <Filter>Source Files</Filter>
    </ClCompile>
    <ClCompile Include="..\MessageDetails.cpp">
      <Filter>Source Files</Filter>
    </ClCompile>
    <ClCompile Include="..\StringFifo.cpp">
      <Filter>Source Files</Filter>
    </ClCompile>
  </ItemGroup>
  <ItemGroup>
    <ClInclude Include="..\..\Include\wchar_overloads.h">
      <Filter>Header Files\Porting</Filter>
    </ClInclude>
    <ClInclude Include="..\..\Include\Windows\getopt.h">
      <Filter>Header Files\Porting</Filter>
    </ClInclude>
    <ClInclude Include="..\..\Include\AsyncParser.h">
      <Filter>Header Files</Filter>
    </ClInclude>
    <ClInclude Include="..\..\Include\DataParse.h">
      <Filter>Header Files</Filter>
    </ClInclude>
    <ClInclude Include="..\..\Include\DeviceComm.h">
      <Filter>Header Files</Filter>
    </ClInclude>
    <ClInclude Include="..\..\Include\HModem.h">
      <Filter>Header Files</Filter>
    </ClInclude>
    <ClInclude Include="..\..\Include\ImageFifo.h">
      <Filter>Header Files</Filter>
    </ClInclude>
    <ClInclude Include="..\..\Include\ImageFormats.h">
      <Filter>Header Files</Filter>
    </ClInclude>
    <ClInclude Include="..\..\Include\Imagehandler.h">
      <Filter>Header Files</Filter>
    </ClInclude>
    <ClInclude Include="..\..\Include\MessageDetails.h">
      <Filter>Header Files</Filter>
    </ClInclude>
    <ClInclude Include="..\..\Include\StringFifo.h">
      <Filter>Header Files</Filter>
    </ClInclude>
    <ClInclude Include="..\..\Include\stdafx.h">
      <Filter>Header Files</Filter>
    </ClInclude>
    <ClInclude Include="..\..\Include\Windows\targetver.h">
      <Filter>Header Files</Filter>
    </ClInclude>
    <ClInclude Include="..\..\Include\Windows\win_stdafx.h">
      <Filter>Header Files</Filter>
    </ClInclude>
    <ClInclude Include="..\..\Include\HsmComm.h">
      <Filter>Header Files</Filter>
    </ClInclude>
    <ClInclude Include="..\..\Include\GraphicsMagick.h">
      <Filter>Header Files</Filter>
    </ClInclude>
  </ItemGroup>
</Project>