<?xml version="1.0" encoding="utf-8"?>
<Project ToolsVersion="4.0" xmlns="http://schemas.microsoft.com/developer/msbuild/2003">
  <ItemGroup>
    <Filter Include="Source Files">
      <UniqueIdentifier>{8d7d9854-ef39-4a55-a534-c8f8f70f8fbb}</UniqueIdentifier>
    </Filter>
    <Filter Include="Header Files">
      <UniqueIdentifier>{7372ceb7-6577-4221-aad3-48803ba72622}</UniqueIdentifier>
    </Filter>
  </ItemGroup>
  <ItemGroup>
    <ClCompile Include="..\stdafx.cpp">
      <Filter>Source Files</Filter>
    </ClCompile>
    <ClCompile Include="TransmitFirmware.cpp">
      <Filter>Source Files</Filter>
    </ClCompile>
    <ClCompile Include="..\crc16.cpp">
      <Filter>Source Files</Filter>
    </ClCompile>
    <ClCompile Include="..\DeviceConfig.cpp">
      <Filter>Source Files</Filter>
    </ClCompile>
    <ClCompile Include="..\DeviceFirmware.cpp">
      <Filter>Source Files</Filter>
    </ClCompile>
    <ClCompile Include="..\ErrorText.cpp">
      <Filter>Source Files</Filter>
    </ClCompile>
    <ClCompile Include="..\FirmwareReplace.cpp">
      <Filter>Source Files</Filter>
    </ClCompile>
    <ClCompile Include="..\memmem.cpp">
      <Filter>Source Files</Filter>
    </ClCompile>
    <ClCompile Include="..\ThreadedDeviceCommands.cpp">
      <Filter>Source Files</Filter>
    </ClCompile>
    <ClCompile Include="..\ValidateDevice.cpp">
      <Filter>Source Files</Filter>
    </ClCompile>
    <ClCompile Include="..\ValidateFirmware.cpp">
      <Filter>Source Files</Filter>
    </ClCompile>
    <ClCompile Include="..\xmodem.cpp">
      <Filter>Source Files</Filter>
    </ClCompile>
    <ClCompile Include="DeviceTracer.cpp">
      <Filter>Source Files</Filter>
    </ClCompile>
  </ItemGroup>
  <ItemGroup>
    <ClInclude Include="..\crc16.h">
      <Filter>Header Files</Filter>
    </ClInclude>
    <ClInclude Include="..\..\Include\Windows\DeviceTracer.h">
      <Filter>Header Files</Filter>
    </ClInclude>
    <ClInclude Include="..\..\Include\stdafx.h">
      <Filter>Header Files</Filter>
    </ClInclude>
    <ClInclude Include="..\..\Include\Windows\targetver.h">
      <Filter>Header Files</Filter>
    </ClInclude>
    <ClInclude Include="..\..\Include\Windows\ThreadWorker.h">
      <Filter>Header Files</Filter>
    </ClInclude>
    <ClInclude Include="..\..\Include\Windows\TransmitFirmware.h">
      <Filter>Header Files</Filter>
    </ClInclude>
    <ClInclude Include="..\..\Include\Windows\win_stdafx.h">
      <Filter>Header Files</Filter>
    </ClInclude>
    <ClInclude Include="..\..\Include\DeviceConfig.h">
      <Filter>Header Files</Filter>
    </ClInclude>
    <ClInclude Include="..\..\Include\DeviceFirmware.h">
      <Filter>Header Files</Filter>
    </ClInclude>
    <ClInclude Include="..\..\Include\ThreadedDeviceCommands.h">
      <Filter>Header Files</Filter>
    </ClInclude>
    <ClInclude Include="..\..\Include\ValidateDevice.h">
      <Filter>Header Files</Filter>
    </ClInclude>
    <ClInclude Include="..\..\Include\ValidateFirmware.h">
      <Filter>Header Files</Filter>
    </ClInclude>
    <ClInclude Include="..\..\Include\xmodem.h">
      <Filter>Header Files</Filter>
    </ClInclude>
    <ClInclude Include="..\..\Include\HsmFirmwareReplace.h">
      <Filter>Header Files</Filter>
    </ClInclude>
    <ClInclude Include="..\..\Include\FirmwareReplace.h">
      <Filter>Header Files</Filter>
    </ClInclude>
  </ItemGroup>
</Project>